// !$*UTF8*$!
{
	archiveVersion = 1;
	classes = {
	};
	objectVersion = 46;
	objects = {

/* Begin PBXBuildFile section */
		9A84BD711D582B0F00369027 /* AppDelegate.swift in Sources */ = {isa = PBXBuildFile; fileRef = 9A84BD701D582B0F00369027 /* AppDelegate.swift */; };
		9A84BD731D582B0F00369027 /* ViewController.swift in Sources */ = {isa = PBXBuildFile; fileRef = 9A84BD721D582B0F00369027 /* ViewController.swift */; };
		9A84BD761D582B0F00369027 /* Main.storyboard in Resources */ = {isa = PBXBuildFile; fileRef = 9A84BD741D582B0F00369027 /* Main.storyboard */; };
		9A84BD781D582B0F00369027 /* Assets.xcassets in Resources */ = {isa = PBXBuildFile; fileRef = 9A84BD771D582B0F00369027 /* Assets.xcassets */; };
		9A84BD7B1D582B0F00369027 /* LaunchScreen.storyboard in Resources */ = {isa = PBXBuildFile; fileRef = 9A84BD791D582B0F00369027 /* LaunchScreen.storyboard */; };
/* End PBXBuildFile section */

/* Begin PBXFileReference section */
		9A84BD6D1D582B0F00369027 /* notefy.app */ = {isa = PBXFileReference; explicitFileType = wrapper.application; includeInIndex = 0; path = notefy.app; sourceTree = BUILT_PRODUCTS_DIR; };
		9A84BD701D582B0F00369027 /* AppDelegate.swift */ = {isa = PBXFileReference; lastKnownFileType = sourcecode.swift; path = AppDelegate.swift; sourceTree = "<group>"; };
		9A84BD721D582B0F00369027 /* ViewController.swift */ = {isa = PBXFileReference; lastKnownFileType = sourcecode.swift; path = ViewController.swift; sourceTree = "<group>"; };
		9A84BD751D582B0F00369027 /* Base */ = {isa = PBXFileReference; lastKnownFileType = file.storyboard; name = Base; path = Base.lproj/Main.storyboard; sourceTree = "<group>"; };
		9A84BD771D582B0F00369027 /* Assets.xcassets */ = {isa = PBXFileReference; lastKnownFileType = folder.assetcatalog; path = Assets.xcassets; sourceTree = "<group>"; };
		9A84BD7A1D582B0F00369027 /* Base */ = {isa = PBXFileReference; lastKnownFileType = file.storyboard; name = Base; path = Base.lproj/LaunchScreen.storyboard; sourceTree = "<group>"; };
		9A84BD7C1D582B0F00369027 /* Info.plist */ = {isa = PBXFileReference; lastKnownFileType = text.plist.xml; path = Info.plist; sourceTree = "<group>"; };
/* End PBXFileReference section */

/* Begin PBXFrameworksBuildPhase section */
		9A84BD6A1D582B0F00369027 /* Frameworks */ = {
			isa = PBXFrameworksBuildPhase;
			buildActionMask = 2147483647;
			files = (
			);
			runOnlyForDeploymentPostprocessing = 0;
		};
/* End PBXFrameworksBuildPhase section */

/* Begin PBXGroup section */
		9A84BD641D582B0F00369027 = {
			isa = PBXGroup;
			children = (
				9A84BD6F1D582B0F00369027 /* notefy */,
				9A84BD6E1D582B0F00369027 /* Products */,
			);
			sourceTree = "<group>";
		};
		9A84BD6E1D582B0F00369027 /* Products */ = {
			isa = PBXGroup;
			children = (
				9A84BD6D1D582B0F00369027 /* notefy.app */,
			);
			name = Products;
			sourceTree = "<group>";
		};
		9A84BD6F1D582B0F00369027 /* notefy */ = {
			isa = PBXGroup;
			children = (
				9A84BD701D582B0F00369027 /* AppDelegate.swift */,
				9A84BD721D582B0F00369027 /* ViewController.swift */,
				9A84BD741D582B0F00369027 /* Main.storyboard */,
				9A84BD771D582B0F00369027 /* Assets.xcassets */,
				9A84BD791D582B0F00369027 /* LaunchScreen.storyboard */,
				9A84BD7C1D582B0F00369027 /* Info.plist */,
			);
			path = notefy;
			sourceTree = "<group>";
		};
/* End PBXGroup section */

/* Begin PBXNativeTarget section */
		9A84BD6C1D582B0F00369027 /* notefy */ = {
			isa = PBXNativeTarget;
			buildConfigurationList = 9A84BD7F1D582B0F00369027 /* Build configuration list for PBXNativeTarget "notefy" */;
			buildPhases = (
				9A84BD691D582B0F00369027 /* Sources */,
				9A84BD6A1D582B0F00369027 /* Frameworks */,
				9A84BD6B1D582B0F00369027 /* Resources */,
			);
			buildRules = (
			);
			dependencies = (
			);
			name = notefy;
			productName = notefy;
			productReference = 9A84BD6D1D582B0F00369027 /* notefy.app */;
			productType = "com.apple.product-type.application";
		};
/* End PBXNativeTarget section */

/* Begin PBXProject section */
		9A84BD651D582B0F00369027 /* Project object */ = {
			isa = PBXProject;
			attributes = {
				LastSwiftUpdateCheck = 0730;
				LastUpgradeCheck = 0730;
				ORGANIZATIONNAME = "Chad-Mac";
				TargetAttributes = {
					9A84BD6C1D582B0F00369027 = {
						CreatedOnToolsVersion = 7.3.1;
					};
				};
			};
			buildConfigurationList = 9A84BD681D582B0F00369027 /* Build configuration list for PBXProject "notefy" */;
			compatibilityVersion = "Xcode 3.2";
			developmentRegion = English;
			hasScannedForEncodings = 0;
			knownRegions = (
				en,
				Base,
			);
			mainGroup = 9A84BD641D582B0F00369027;
			productRefGroup = 9A84BD6E1D582B0F00369027 /* Products */;
			projectDirPath = "";
			projectRoot = "";
			targets = (
				9A84BD6C1D582B0F00369027 /* notefy */,
			);
		};
/* End PBXProject section */

/* Begin PBXResourcesBuildPhase section */
		9A84BD6B1D582B0F00369027 /* Resources */ = {
			isa = PBXResourcesBuildPhase;
			buildActionMask = 2147483647;
			files = (
				9A84BD7B1D582B0F00369027 /* LaunchScreen.storyboard in Resources */,
				9A84BD781D582B0F00369027 /* Assets.xcassets in Resources */,
				9A84BD761D582B0F00369027 /* Main.storyboard in Resources */,
			);
			runOnlyForDeploymentPostprocessing = 0;
		};
/* End PBXResourcesBuildPhase section */

/* Begin PBXSourcesBuildPhase section */
		9A84BD691D582B0F00369027 /* Sources */ = {
			isa = PBXSourcesBuildPhase;
			buildActionMask = 2147483647;
			files = (
				9A84BD731D582B0F00369027 /* ViewController.swift in Sources */,
				9A84BD711D582B0F00369027 /* AppDelegate.swift in Sources */,
			);
			runOnlyForDeploymentPostprocessing = 0;
		};
/* End PBXSourcesBuildPhase section */

/* Begin PBXVariantGroup section */
		9A84BD741D582B0F00369027 /* Main.storyboard */ = {
			isa = PBXVariantGroup;
			children = (
				9A84BD751D582B0F00369027 /* Base */,
			);
			name = Main.storyboard;
			sourceTree = "<group>";
		};
		9A84BD791D582B0F00369027 /* LaunchScreen.storyboard */ = {
			isa = PBXVariantGroup;
			children = (
				9A84BD7A1D582B0F00369027 /* Base */,
			);
			name = LaunchScreen.storyboard;
			sourceTree = "<group>";
		};
/* End PBXVariantGroup section */

/* Begin XCBuildConfiguration section */
		9A84BD7D1D582B0F00369027 /* Debug */ = {
			isa = XCBuildConfiguration;
			buildSettings = {
				ALWAYS_SEARCH_USER_PATHS = NO;
				CLANG_ANALYZER_NONNULL = YES;
				CLANG_CXX_LANGUAGE_STANDARD = "gnu++0x";
				CLANG_CXX_LIBRARY = "libc++";
				CLANG_ENABLE_MODULES = YES;
				CLANG_ENABLE_OBJC_ARC = YES;
				CLANG_WARN_BOOL_CONVERSION = YES;
				CLANG_WARN_CONSTANT_CONVERSION = YES;
				CLANG_WARN_DIRECT_OBJC_ISA_USAGE = YES_ERROR;
				CLANG_WARN_EMPTY_BODY = YES;
				CLANG_WARN_ENUM_CONVERSION = YES;
				CLANG_WARN_INT_CONVERSION = YES;
				CLANG_WARN_OBJC_ROOT_CLASS = YES_ERROR;
				CLANG_WARN_UNREACHABLE_CODE = YES;
				CLANG_WARN__DUPLICATE_METHOD_MATCH = YES;
				"CODE_SIGN_IDENTITY[sdk=iphoneos*]" = "iPhone Developer";
				COPY_PHASE_STRIP = NO;
				DEBUG_INFORMATION_FORMAT = dwarf;
				ENABLE_STRICT_OBJC_MSGSEND = YES;
				ENABLE_TESTABILITY = YES;
				GCC_C_LANGUAGE_STANDARD = gnu99;
				GCC_DYNAMIC_NO_PIC = NO;
				GCC_NO_COMMON_BLOCKS = YES;
				GCC_OPTIMIZATION_LEVEL = 0;
				GCC_PREPROCESSOR_DEFINITIONS = (
					"DEBUG=1",
					"$(inherited)",
				);
				GCC_WARN_64_TO_32_BIT_CONVERSION = YES;
				GCC_WARN_ABOUT_RETURN_TYPE = YES_ERROR;
				GCC_WARN_UNDECLARED_SELECTOR = YES;
				GCC_WARN_UNINITIALIZED_AUTOS = YES_AGGRESSIVE;
				GCC_WARN_UNUSED_FUNCTION = YES;
				GCC_WARN_UNUSED_VARIABLE = YES;
				IPHONEOS_DEPLOYMENT_TARGET = 9.3;
				MTL_ENABLE_DEBUG_INFO = YES;
				ONLY_ACTIVE_ARCH = YES;
				SDKROOT = iphoneos;
				SWIFT_OPTIMIZATION_LEVEL = "-Onone";
				TARGETED_DEVICE_FAMILY = "1,2";
			};
			name = Debug;
		};
		9A84BD7E1D582B0F00369027 /* Release */ = {
			isa = XCBuildConfiguration;
			buildSettings = {
				ALWAYS_SEARCH_USER_PATHS = NO;
				CLANG_ANALYZER_NONNULL = YES;
				CLANG_CXX_LANGUAGE_STANDARD = "gnu++0x";
				CLANG_CXX_LIBRARY = "libc++";
				CLANG_ENABLE_MODULES = YES;
				CLANG_ENABLE_OBJC_ARC = YES;
				CLANG_WARN_BOOL_CONVERSION = YES;
				CLANG_WARN_CONSTANT_CONVERSION = YES;
				CLANG_WARN_DIRECT_OBJC_ISA_USAGE = YES_ERROR;
				CLANG_WARN_EMPTY_BODY = YES;
				CLANG_WARN_ENUM_CONVERSION = YES;
				CLANG_WARN_INT_CONVERSION = YES;
				CLANG_WARN_OBJC_ROOT_CLASS = YES_ERROR;
				CLANG_WARN_UNREACHABLE_CODE = YES;
				CLANG_WARN__DUPLICATE_METHOD_MATCH = YES;
				"CODE_SIGN_IDENTITY[sdk=iphoneos*]" = "iPhone Developer";
				COPY_PHASE_STRIP = NO;
				DEBUG_INFORMATION_FORMAT = "dwarf-with-dsym";
				ENABLE_NS_ASSERTIONS = NO;
				ENABLE_STRICT_OBJC_MSGSEND = YES;
				GCC_C_LANGUAGE_STANDARD = gnu99;
				GCC_NO_COMMON_BLOCKS = YES;
				GCC_WARN_64_TO_32_BIT_CONVERSION = YES;
				GCC_WARN_ABOUT_RETURN_TYPE = YES_ERROR;
				GCC_WARN_UNDECLARED_SELECTOR = YES;
				GCC_WARN_UNINITIALIZED_AUTOS = YES_AGGRESSIVE;
				GCC_WARN_UNUSED_FUNCTION = YES;
				GCC_WARN_UNUSED_VARIABLE = YES;
				IPHONEOS_DEPLOYMENT_TARGET = 9.3;
				MTL_ENABLE_DEBUG_INFO = NO;
				SDKROOT = iphoneos;
				TARGETED_DEVICE_FAMILY = "1,2";
				VALIDATE_PRODUCT = YES;
			};
			name = Release;
		};
		9A84BD801D582B0F00369027 /* Debug */ = {
			isa = XCBuildConfiguration;
			buildSettings = {
				ASSETCATALOG_COMPILER_APPICON_NAME = AppIcon;
				INFOPLIST_FILE = notefy/Info.plist;
				LD_RUNPATH_SEARCH_PATHS = "$(inherited) @executable_path/Frameworks";
				PRODUCT_BUNDLE_IDENTIFIER = com.sagigilid.notefy;
				PRODUCT_NAME = "$(TARGET_NAME)";
			};
			name = Debug;
		};
		9A84BD811D582B0F00369027 /* Release */ = {
			isa = XCBuildConfiguration;
			buildSettings = {
				ASSETCATALOG_COMPILER_APPICON_NAME = AppIcon;
				INFOPLIST_FILE = notefy/Info.plist;
				LD_RUNPATH_SEARCH_PATHS = "$(inherited) @executable_path/Frameworks";
				PRODUCT_BUNDLE_IDENTIFIER = com.sagigilid.notefy;
				PRODUCT_NAME = "$(TARGET_NAME)";
			};
			name = Release;
		};
/* End XCBuildConfiguration section */

/* Begin XCConfigurationList section */
		9A84BD681D582B0F00369027 /* Build configuration list for PBXProject "notefy" */ = {
			isa = XCConfigurationList;
			buildConfigurations = (
				9A84BD7D1D582B0F00369027 /* Debug */,
				9A84BD7E1D582B0F00369027 /* Release */,
			);
			defaultConfigurationIsVisible = 0;
			defaultConfigurationName = Release;
		};
		9A84BD7F1D582B0F00369027 /* Build configuration list for PBXNativeTarget "notefy" */ = {
			isa = XCConfigurationList;
			buildConfigurations = (
				9A84BD801D582B0F00369027 /* Debug */,
				9A84BD811D582B0F00369027 /* Release */,
			);
			defaultConfigurationIsVisible = 0;
		};
/* End XCConfigurationList section */
	};
	rootObject = 9A84BD651D582B0F00369027 /* Project object */;
}
